
Microsoft Visual Studio Solution File, Format Version 12.00
# Visual Studio Version 17
VisualStudioVersion = 17.5.33516.290
MinimumVisualStudioVersion = 10.0.40219.1
Project("{FAE04EC0-301F-11D3-BF4B-00C04F79EFBC}") = "BookStoreAPI", "BookStoreAPI\BookStoreAPI.csproj", "{BA296E6D-E878-4150-A884-AD35FDAC1AB2}"
EndProject
Project("{FAE04EC0-301F-11D3-BF4B-00C04F79EFBC}") = "BookStoreSubscriberApp", "BookStoreSubscriberApp\BookStoreSubscriberApp.csproj", "{AC187045-D0E1-4EC5-A5C3-6B0748118240}"
EndProject
Project("{E53339B2-1760-4266-BCC7-CA923CBCF16C}") = "docker-compose", "docker-compose.dcproj", "{0EA0E7A8-417E-413F-8B0F-159B11B68E4B}"
EndProject
Global
	GlobalSection(SolutionConfigurationPlatforms) = preSolution
		Debug|Any CPU = Debug|Any CPU
		Release|Any CPU = Release|Any CPU
	EndGlobalSection
	GlobalSection(ProjectConfigurationPlatforms) = postSolution
		{BA296E6D-E878-4150-A884-AD35FDAC1AB2}.Debug|Any CPU.ActiveCfg = Debug|Any CPU
		{BA296E6D-E878-4150-A884-AD35FDAC1AB2}.Debug|Any CPU.Build.0 = Debug|Any CPU
		{BA296E6D-E878-4150-A884-AD35FDAC1AB2}.Release|Any CPU.ActiveCfg = Release|Any CPU
		{BA296E6D-E878-4150-A884-AD35FDAC1AB2}.Release|Any CPU.Build.0 = Release|Any CPU
		{AC187045-D0E1-4EC5-A5C3-6B0748118240}.Debug|Any CPU.ActiveCfg = Debug|Any CPU
		{AC187045-D0E1-4EC5-A5C3-6B0748118240}.Debug|Any CPU.Build.0 = Debug|Any CPU
		{AC187045-D0E1-4EC5-A5C3-6B0748118240}.Release|Any CPU.ActiveCfg = Release|Any CPU
		{AC187045-D0E1-4EC5-A5C3-6B0748118240}.Release|Any CPU.Build.0 = Release|Any CPU
		{0EA0E7A8-417E-413F-8B0F-159B11B68E4B}.Debug|Any CPU.ActiveCfg = Debug|Any CPU
		{0EA0E7A8-417E-413F-8B0F-159B11B68E4B}.Debug|Any CPU.Build.0 = Debug|Any CPU
		{0EA0E7A8-417E-413F-8B0F-159B11B68E4B}.Release|Any CPU.ActiveCfg = Release|Any CPU
		{0EA0E7A8-417E-413F-8B0F-159B11B68E4B}.Release|Any CPU.Build.0 = Release|Any CPU
	EndGlobalSection
	GlobalSection(SolutionProperties) = preSolution
		HideSolutionNode = FALSE
	EndGlobalSection
	GlobalSection(ExtensibilityGlobals) = postSolution
		SolutionGuid = {A01F9C26-4A1A-4939-994E-BEBD9F2E3023}
	EndGlobalSection
EndGlobal
